
Microsoft Visual Studio Solution File, Format Version 12.00
# Visual Studio Version 17
VisualStudioVersion = 17.11.35312.102
MinimumVisualStudioVersion = 10.0.40219.1
Project("{FAE04EC0-301F-11D3-BF4B-00C04F79EFBC}") = "HeThongQuanLyKhachSan", "HeThongQuanLyKhachSan\HeThongQuanLyKhachSan.csproj", "{A71FEE35-6BB6-48FC-9944-64EC35BDB22D}"
EndProject
Global
	GlobalSection(SolutionConfigurationPlatforms) = preSolution
		Debug|Any CPU = Debug|Any CPU
		Release|Any CPU = Release|Any CPU
	EndGlobalSection
	GlobalSection(ProjectConfigurationPlatforms) = postSolution
		{A71FEE35-6BB6-48FC-9944-64EC35BDB22D}.Debug|Any CPU.ActiveCfg = Debug|Any CPU
		{A71FEE35-6BB6-48FC-9944-64EC35BDB22D}.Debug|Any CPU.Build.0 = Debug|Any CPU
		{A71FEE35-6BB6-48FC-9944-64EC35BDB22D}.Release|Any CPU.ActiveCfg = Release|Any CPU
		{A71FEE35-6BB6-48FC-9944-64EC35BDB22D}.Release|Any CPU.Build.0 = Release|Any CPU
	EndGlobalSection
	GlobalSection(SolutionProperties) = preSolution
		HideSolutionNode = FALSE
	EndGlobalSection
	GlobalSection(ExtensibilityGlobals) = postSolution
		SolutionGuid = {D2983FAD-97A2-4B3E-8785-5C3B94131C40}
	EndGlobalSection
EndGlobal
